
Microsoft Visual Studio Solution File, Format Version 12.00
# Visual Studio Version 16
VisualStudioVersion = 16.0.31613.86
MinimumVisualStudioVersion = 10.0.40219.1
Project("{FAE04EC0-301F-11D3-BF4B-00C04F79EFBC}") = "senai_gufi_WebApi", "senai_gufi_WebApi\senai_gufi_WebApi.csproj", "{F4A4D3C4-D006-4AAE-B1B4-30971FCC7225}"
EndProject
Global
	GlobalSection(SolutionConfigurationPlatforms) = preSolution
		Debug|Any CPU = Debug|Any CPU
		Release|Any CPU = Release|Any CPU
	EndGlobalSection
	GlobalSection(ProjectConfigurationPlatforms) = postSolution
		{F4A4D3C4-D006-4AAE-B1B4-30971FCC7225}.Debug|Any CPU.ActiveCfg = Debug|Any CPU
		{F4A4D3C4-D006-4AAE-B1B4-30971FCC7225}.Debug|Any CPU.Build.0 = Debug|Any CPU
		{F4A4D3C4-D006-4AAE-B1B4-30971FCC7225}.Release|Any CPU.ActiveCfg = Release|Any CPU
		{F4A4D3C4-D006-4AAE-B1B4-30971FCC7225}.Release|Any CPU.Build.0 = Release|Any CPU
	EndGlobalSection
	GlobalSection(SolutionProperties) = preSolution
		HideSolutionNode = FALSE
	EndGlobalSection
	GlobalSection(ExtensibilityGlobals) = postSolution
		SolutionGuid = {FE2D80B2-3871-488F-ADF5-1C2E9E72F1B0}
	EndGlobalSection
EndGlobal
